<?xml version="1.0" encoding="utf-8"?>
<Project ToolsVersion="4.0" xmlns="http://schemas.microsoft.com/developer/msbuild/2003">
  <ItemGroup>
    <Filter Include="Quelldateien">
      <UniqueIdentifier>{4FC737F1-C7A5-4376-A066-2A32D752A2FF}</UniqueIdentifier>
      <Extensions>cpp;c;cc;cxx;c++;cppm;ixx;def;odl;idl;hpj;bat;asm;asmx</Extensions>
    </Filter>
    <Filter Include="Headerdateien">
      <UniqueIdentifier>{93995380-89BD-4b04-88EB-625FBE52EBFB}</UniqueIdentifier>
      <Extensions>h;hh;hpp;hxx;h++;hm;inl;inc;ipp;xsd</Extensions>
    </Filter>
    <Filter Include="Ressourcendateien">
      <UniqueIdentifier>{67DA6AB6-F800-4c08-8B7A-83BB121AAD01}</UniqueIdentifier>
      <Extensions>rc;ico;cur;bmp;dlg;rc2;rct;bin;rgs;gif;jpg;jpeg;jpe;resx;tiff;tif;png;wav;mfcribbon-ms</Extensions>
    </Filter>
    <Filter Include="Headerdateien\Imports">
      <UniqueIdentifier>{463d7feb-2c55-4741-bde2-a16ff4139f30}</UniqueIdentifier>
    </Filter>
    <Filter Include="Quelldateien\Imports">
      <UniqueIdentifier>{2d527082-354b-419b-8a6b-0c7a1146e39e}</UniqueIdentifier>
    </Filter>
    <Filter Include="Assets">
      <UniqueIdentifier>{2fe7e3ed-31d8-4ef5-8d14-c4d93c2814ef}</UniqueIdentifier>
    </Filter>
    <Filter Include="Headerdateien\World-Objects">
      <UniqueIdentifier>{ef556d1f-d94e-43f3-bd1d-b010b21a17fb}</UniqueIdentifier>
    </Filter>
    <Filter Include="Quelldateien\World-Objects">
      <UniqueIdentifier>{37f9f580-2c8b-4dbc-89b4-b21f9e57c4df}</UniqueIdentifier>
    </Filter>
    <Filter Include="Quelldateien\Render">
      <UniqueIdentifier>{c4804728-776e-4a2f-badf-37cc2dd4701e}</UniqueIdentifier>
    </Filter>
    <Filter Include="Quelldateien\Game">
      <UniqueIdentifier>{5350f2b7-6f1d-4284-9ef0-58b3e7cd7a51}</UniqueIdentifier>
    </Filter>
    <Filter Include="Headerdateien\Render">
      <UniqueIdentifier>{faa33171-6096-4001-806d-6a33ba096d66}</UniqueIdentifier>
    </Filter>
    <Filter Include="Headerdateien\Game">
      <UniqueIdentifier>{62e46a4e-db16-46a9-a664-ef007b78447d}</UniqueIdentifier>
    </Filter>
  </ItemGroup>
  <ItemGroup>
    <ClCompile Include="Ressources.cpp">
      <Filter>Quelldateien\Imports</Filter>
    </ClCompile>
    <ClCompile Include="Boundary.cpp">
      <Filter>Quelldateien\World-Objects</Filter>
    </ClCompile>
    <ClCompile Include="Floor.cpp">
      <Filter>Quelldateien\World-Objects</Filter>
    </ClCompile>
    <ClCompile Include="Ray.cpp">
      <Filter>Quelldateien\World-Objects</Filter>
    </ClCompile>
    <ClCompile Include="Skybox.cpp">
      <Filter>Quelldateien\World-Objects</Filter>
    </ClCompile>
    <ClCompile Include="Cast3DHandler.cpp">
      <Filter>Quelldateien\Render</Filter>
    </ClCompile>
    <ClCompile Include="SourceEntity.cpp">
      <Filter>Quelldateien\Render</Filter>
    </ClCompile>
    <ClCompile Include="Game.cpp">
      <Filter>Quelldateien\Game</Filter>
    </ClCompile>
    <ClCompile Include="main.cpp">
      <Filter>Quelldateien\Game</Filter>
    </ClCompile>
  </ItemGroup>
  <ItemGroup>
    <ClInclude Include="Ressources.h">
      <Filter>Headerdateien\Imports</Filter>
    </ClInclude>
    <ClInclude Include="Boundary.h">
      <Filter>Headerdateien\World-Objects</Filter>
    </ClInclude>
    <ClInclude Include="Floor.h">
      <Filter>Headerdateien\World-Objects</Filter>
    </ClInclude>
    <ClInclude Include="Ray.h">
      <Filter>Headerdateien\World-Objects</Filter>
    </ClInclude>
    <ClInclude Include="Skybox.h">
      <Filter>Headerdateien\World-Objects</Filter>
    </ClInclude>
    <ClInclude Include="Cast3DHandler.h">
      <Filter>Headerdateien\Render</Filter>
    </ClInclude>
    <ClInclude Include="SourceEntity.h">
      <Filter>Headerdateien\Render</Filter>
    </ClInclude>
    <ClInclude Include="Game.h">
      <Filter>Headerdateien\Game</Filter>
    </ClInclude>
  </ItemGroup>
  <ItemGroup>
    <None Include="cpp.hint" />
  </ItemGroup>
  <ItemGroup>
    <Image Include="F:\Desktop\BRICKS.png">
      <Filter>Assets</Filter>
    </Image>
  </ItemGroup>
</Project>