<?xml version="1.0" encoding="utf-8"?>
<Project ToolsVersion="4.0" xmlns="http://schemas.microsoft.com/developer/msbuild/2003">
  <ItemGroup>
    <Filter Include="Quelldateien">
      <UniqueIdentifier>{4FC737F1-C7A5-4376-A066-2A32D752A2FF}</UniqueIdentifier>
      <Extensions>cpp;c;cc;cxx;c++;cppm;ixx;def;odl;idl;hpj;bat;asm;asmx</Extensions>
    </Filter>
    <Filter Include="Headerdateien">
      <UniqueIdentifier>{93995380-89BD-4b04-88EB-625FBE52EBFB}</UniqueIdentifier>
      <Extensions>h;hh;hpp;hxx;h++;hm;inl;inc;ipp;xsd</Extensions>
    </Filter>
    <Filter Include="Ressourcendateien">
      <UniqueIdentifier>{67DA6AB6-F800-4c08-8B7A-83BB121AAD01}</UniqueIdentifier>
      <Extensions>rc;ico;cur;bmp;dlg;rc2;rct;bin;rgs;gif;jpg;jpeg;jpe;resx;tiff;tif;png;wav;mfcribbon-ms</Extensions>
    </Filter>
    <Filter Include="Headerdateien\Imports">
      <UniqueIdentifier>{463d7feb-2c55-4741-bde2-a16ff4139f30}</UniqueIdentifier>
    </Filter>
    <Filter Include="Quelldateien\Imports">
      <UniqueIdentifier>{2d527082-354b-419b-8a6b-0c7a1146e39e}</UniqueIdentifier>
    </Filter>
    <Filter Include="Assets">
      <UniqueIdentifier>{2fe7e3ed-31d8-4ef5-8d14-c4d93c2814ef}</UniqueIdentifier>
    </Filter>
  </ItemGroup>
  <ItemGroup>
    <ClCompile Include="main.cpp">
      <Filter>Quelldateien</Filter>
    </ClCompile>
    <ClCompile Include="Game.cpp">
      <Filter>Quelldateien</Filter>
    </ClCompile>
    <ClCompile Include="Ray.cpp">
      <Filter>Quelldateien</Filter>
    </ClCompile>
    <ClCompile Include="Boundary.cpp">
      <Filter>Quelldateien</Filter>
    </ClCompile>
    <ClCompile Include="SourceEntity.cpp">
      <Filter>Quelldateien</Filter>
    </ClCompile>
    <ClCompile Include="Cast3DHandler.cpp">
      <Filter>Quelldateien</Filter>
    </ClCompile>
    <ClCompile Include="Ressources.cpp">
      <Filter>Quelldateien\Imports</Filter>
    </ClCompile>
    <ClCompile Include="Floor.cpp">
      <Filter>Quelldateien</Filter>
    </ClCompile>
  </ItemGroup>
  <ItemGroup>
    <ClInclude Include="Game.h">
      <Filter>Headerdateien</Filter>
    </ClInclude>
    <ClInclude Include="Ray.h">
      <Filter>Headerdateien</Filter>
    </ClInclude>
    <ClInclude Include="Boundary.h">
      <Filter>Headerdateien</Filter>
    </ClInclude>
    <ClInclude Include="SourceEntity.h">
      <Filter>Headerdateien</Filter>
    </ClInclude>
    <ClInclude Include="Cast3DHandler.h">
      <Filter>Headerdateien</Filter>
    </ClInclude>
    <ClInclude Include="Ressources.h">
      <Filter>Headerdateien\Imports</Filter>
    </ClInclude>
    <ClInclude Include="Floor.h">
      <Filter>Headerdateien</Filter>
    </ClInclude>
  </ItemGroup>
  <ItemGroup>
    <None Include="cpp.hint" />
  </ItemGroup>
  <ItemGroup>
    <Image Include="F:\Desktop\BRICKS.png">
      <Filter>Assets</Filter>
    </Image>
  </ItemGroup>
</Project>